{
  "name": "openvidu-insecure-react",
  "version": "0.1.0",
  "lockfileVersion": 1,
  "requires": true,
  "dependencies": {
    "@types/node": {
      "version": "9.6.19",
      "resolved": "https://registry.npmjs.org/@types/node/-/node-9.6.19.tgz",
      "integrity": "sha512-IB7cYJ6ajS/MqucxHsvSDtZkOC108Mld+jtk73u9TSH+yEi1LidnZS36Km/O6BNnmOFgrRJjDqQ040q+ID/7eA=="
    },
    "@types/platform": {
      "version": "1.3.1",
      "resolved": "https://registry.npmjs.org/@types/platform/-/platform-1.3.1.tgz",
      "integrity": "sha512-XI6JKLFNBmkADRd2FtUYtEuq5LDKTNXwUIodV3ZfTNkA+g4yo+rXXXdZL3fTE24S92BjpiEVaL3f64Fxm2JOgg=="
    },
    "freeice": {
      "version": "2.2.0",
      "resolved": "https://registry.npmjs.org/freeice/-/freeice-2.2.0.tgz",
      "integrity": "sha1-+dKzspZ8C51a8/FFPTXfXobVF8M=",
      "requires": {
        "normalice": "1.0.1"
      }
    },
    "hark": {
      "version": "1.2.0",
      "resolved": "https://registry.npmjs.org/hark/-/hark-1.2.0.tgz",
      "integrity": "sha512-3j2ENaCG3XCuDF2MsRkoJyqoTzdTjDxPAENdpYXoAmK2XMJVcf1RVfriOC8FwJJhEvVeTcd7WaQ+cI66jP9Buw==",
      "requires": {
        "wildemitter": "1.2.0"
      }
    },
    "inherits": {
      "version": "2.0.3",
      "resolved": "https://registry.npmjs.org/inherits/-/inherits-2.0.3.tgz",
      "integrity": "sha1-Yzwsg+PaQqUC9SRmAiSA9CCCYd4="
    },
    "merge": {
      "version": "1.2.0",
      "resolved": "https://registry.npmjs.org/merge/-/merge-1.2.0.tgz",
      "integrity": "sha1-dTHjnUlJwoGma4xabgJl6LBYlNo="
    },
    "normalice": {
      "version": "1.0.1",
      "resolved": "https://registry.npmjs.org/normalice/-/normalice-1.0.1.tgz",
      "integrity": "sha1-A0NcLuzVYxprygLaOTDsPjRagPc="
    },
    "openvidu-browser": {
      "version": "2.0.0",
      "resolved": "https://registry.npmjs.org/openvidu-browser/-/openvidu-browser-2.0.0.tgz",
      "integrity": "sha1-1o2kBIx1qrjKfdW4qu7aHNPv5Hs=",
      "requires": {
        "@types/node": "9.6.19",
        "@types/platform": "1.3.1",
        "freeice": "2.2.0",
        "hark": "1.2.0",
        "inherits": "2.0.3",
        "merge": "1.2.0",
        "platform": "1.3.5",
        "sdp-translator": "0.1.24",
        "ua-parser-js": "0.7.17",
        "uuid": "3.2.1",
        "webrtc-adapter": "6.1.4",
        "wolfy87-eventemitter": "5.2.4"
      }
    },
    "platform": {
      "version": "1.3.5",
      "resolved": "https://registry.npmjs.org/platform/-/platform-1.3.5.tgz",
      "integrity": "sha512-TuvHS8AOIZNAlE77WUDiR4rySV/VMptyMfcfeoMgs4P8apaZM3JrnbzBiixKUv+XR6i+BXrQh8WAnjaSPFO65Q=="
    },
    "rtcpeerconnection-shim": {
      "version": "1.2.11",
      "resolved": "https://registry.npmjs.org/rtcpeerconnection-shim/-/rtcpeerconnection-shim-1.2.11.tgz",
      "integrity": "sha512-Vns4aLKXTrLZCjDOlPZL1nymFiSpqs15TeF+wG1TSLO1kXRrCuT5SjL+Zb8RCP7t3JNfnCuTn+qMlCGQu5NvhQ==",
      "requires": {
        "sdp": "2.7.4"
      }
    },
    "sdp": {
      "version": "2.7.4",
      "resolved": "https://registry.npmjs.org/sdp/-/sdp-2.7.4.tgz",
      "integrity": "sha512-0+wTfgvUUEGcvvFoHIC0aiGbx6gzwAUm8FkKt5Oqqkjf9mEEDLgwnoDKX7MYTGXrNNwzikVbutJ+OVNAGmJBQw=="
    },
    "sdp-transform": {
      "version": "1.5.3",
      "resolved": "https://registry.npmjs.org/sdp-transform/-/sdp-transform-1.5.3.tgz",
      "integrity": "sha1-im0Pi9aZzjq8MQuksc3lmJKKCBY="
    },
    "sdp-translator": {
      "version": "0.1.24",
      "resolved": "https://registry.npmjs.org/sdp-translator/-/sdp-translator-0.1.24.tgz",
      "integrity": "sha1-g/uNY0pj8VzZlEI33ZC9QGkGxvM=",
      "requires": {
        "sdp-transform": "1.5.3"
      }
    },
    "ua-parser-js": {
      "version": "0.7.17",
      "resolved": "https://registry.npmjs.org/ua-parser-js/-/ua-parser-js-0.7.17.tgz",
      "integrity": "sha512-uRdSdu1oA1rncCQL7sCj8vSyZkgtL7faaw9Tc9rZ3mGgraQ7+Pdx7w5mnOSF3gw9ZNG6oc+KXfkon3bKuROm0g=="
    },
    "uuid": {
      "version": "3.2.1",
      "resolved": "https://registry.npmjs.org/uuid/-/uuid-3.2.1.tgz",
      "integrity": "sha512-jZnMwlb9Iku/O3smGWvZhauCf6cvvpKi4BKRiliS3cxnI+Gz9j5MEpTz2UFuXiKPJocb7gnsLHwiS05ige5BEA=="
    },
    "webrtc-adapter": {
      "version": "6.1.4",
      "resolved": "https://registry.npmjs.org/webrtc-adapter/-/webrtc-adapter-6.1.4.tgz",
      "integrity": "sha512-lvfP8Zq7SzkTV48ysVEnKSS//of5XeViUAGO9OnTLVNk+z8RSFwnMipwBMqBRpqXsJHn6DBer19qn32pw2GxWA==",
      "requires": {
        "rtcpeerconnection-shim": "1.2.11",
        "sdp": "2.7.4"
      }
    },
    "wildemitter": {
      "version": "1.2.0",
      "resolved": "https://registry.npmjs.org/wildemitter/-/wildemitter-1.2.0.tgz",
      "integrity": "sha1-Kd06ctaZw+J53QIcPNIVC4LJohE="
    },
    "wolfy87-eventemitter": {
      "version": "5.2.4",
      "resolved": "https://registry.npmjs.org/wolfy87-eventemitter/-/wolfy87-eventemitter-5.2.4.tgz",
      "integrity": "sha512-yUOUSIzZxqBeu6VdnigqYHwwjy5N3CRX5XSHh/YcVpy+Qsx+HkHaEWdmdyAr3NvyBYDraOa5EfNIbu47T5QzIA=="
    }
  }
}
